PODS:
  - Flutter (1.0.0)
  - flutter_secure_storage_darwin (10.0.0):
    - Flutter
    - FlutterMacOS
  - flutter_web_auth_2 (5.0.0):
    - Flutter
  - image_picker_ios (0.0.1):
    - Flutter
  - integration_test (0.0.1):
    - Flutter
  - ngotools_chat (0.0.1):
    - Flutter
    - ngotools_matrix_core
  - ngotools_matrix_core (0.0.1)
  - url_launcher_ios (0.0.1):
    - Flutter

DEPENDENCIES:
  - Flutter (from `Flutter`)
  - flutter_secure_storage_darwin (from `.symlinks/plugins/flutter_secure_storage_darwin/darwin`)
  - flutter_web_auth_2 (from `.symlinks/plugins/flutter_web_auth_2/ios`)
  - image_picker_ios (from `.symlinks/plugins/image_picker_ios/ios`)
  - integration_test (from `.symlinks/plugins/integration_test/ios`)
  - ngotools_chat (from `.symlinks/plugins/ngotools_chat/ios`)
  - ngotools_matrix_core (from `.symlinks/plugins/ngotools_chat/ios`)
  - url_launcher_ios (from `.symlinks/plugins/url_launcher_ios/ios`)

EXTERNAL SOURCES:
  Flutter:
    :path: Flutter
  flutter_secure_storage_darwin:
    :path: ".symlinks/plugins/flutter_secure_storage_darwin/darwin"
  flutter_web_auth_2:
    :path: ".symlinks/plugins/flutter_web_auth_2/ios"
  image_picker_ios:
    :path: ".symlinks/plugins/image_picker_ios/ios"
  integration_test:
    :path: ".symlinks/plugins/integration_test/ios"
  ngotools_chat:
    :path: ".symlinks/plugins/ngotools_chat/ios"
  ngotools_matrix_core:
    :path: ".symlinks/plugins/ngotools_chat/ios"
  url_launcher_ios:
    :path: ".symlinks/plugins/url_launcher_ios/ios"

SPEC CHECKSUMS:
  Flutter: cabc95a1d2626b1b06e7179b784ebcf0c0cde467
  flutter_secure_storage_darwin: 46e401699982ee74142909676535e0f6a7321e58
  flutter_web_auth_2: 646fc9df97a01c59e5eea99b237da2c6360f8439
  image_picker_ios: e0ece4aa2a75771a7de3fa735d26d90817041326
  integration_test: 4a889634ef21a45d28d50d622cf412dc6d9f586e
  ngotools_chat: b1ef615189741c36a27e76a7c970209eb0da3835
  ngotools_matrix_core: 33f0fbc89654e205935a1e0dfeff59926ea5ee1e
  url_launcher_ios: 7a95fa5b60cc718a708b8f2966718e93db0cef1b

PODFILE CHECKSUM: 208d3de0b752c78b08f4178a6be345b0933d9371

COCOAPODS: 1.16.2
